
Microsoft Visual Studio Solution File, Format Version 12.00
# Visual Studio Version 16
VisualStudioVersion = 16.0.30907.101
MinimumVisualStudioVersion = 10.0.40219.1
Project("{FAE04EC0-301F-11D3-BF4B-00C04F79EFBC}") = "Posani_Test5", "Posani_Test5\Posani_Test5.csproj", "{A2A046C5-E47D-44AA-86C5-3CF0B63BA25A}"
EndProject
Global
	GlobalSection(SolutionConfigurationPlatforms) = preSolution
		Debug|Any CPU = Debug|Any CPU
		Release|Any CPU = Release|Any CPU
	EndGlobalSection
	GlobalSection(ProjectConfigurationPlatforms) = postSolution
		{A2A046C5-E47D-44AA-86C5-3CF0B63BA25A}.Debug|Any CPU.ActiveCfg = Debug|Any CPU
		{A2A046C5-E47D-44AA-86C5-3CF0B63BA25A}.Debug|Any CPU.Build.0 = Debug|Any CPU
		{A2A046C5-E47D-44AA-86C5-3CF0B63BA25A}.Release|Any CPU.ActiveCfg = Release|Any CPU
		{A2A046C5-E47D-44AA-86C5-3CF0B63BA25A}.Release|Any CPU.Build.0 = Release|Any CPU
	EndGlobalSection
	GlobalSection(SolutionProperties) = preSolution
		HideSolutionNode = FALSE
	EndGlobalSection
	GlobalSection(ExtensibilityGlobals) = postSolution
		SolutionGuid = {CDDCA65F-3ED8-47BA-B17B-4A2F8CF28219}
	EndGlobalSection
EndGlobal
